
Microsoft Visual Studio Solution File, Format Version 12.00
# Visual Studio 2012
Project("{FAE04EC0-301F-11D3-BF4B-00C04F79EFBC}") = "Risky Morgana", "Risky Morgana\Risky Morgana.csproj", "{AC7804E0-285D-46D3-BB7A-483B738552C5}"
EndProject
Global
	GlobalSection(SolutionConfigurationPlatforms) = preSolution
		Debug|Any CPU = Debug|Any CPU
		Release|Any CPU = Release|Any CPU
	EndGlobalSection
	GlobalSection(ProjectConfigurationPlatforms) = postSolution
		{AC7804E0-285D-46D3-BB7A-483B738552C5}.Debug|Any CPU.ActiveCfg = Debug|Any CPU
		{AC7804E0-285D-46D3-BB7A-483B738552C5}.Debug|Any CPU.Build.0 = Debug|Any CPU
		{AC7804E0-285D-46D3-BB7A-483B738552C5}.Release|Any CPU.ActiveCfg = Release|Any CPU
		{AC7804E0-285D-46D3-BB7A-483B738552C5}.Release|Any CPU.Build.0 = Release|Any CPU
	EndGlobalSection
	GlobalSection(SolutionProperties) = preSolution
		HideSolutionNode = FALSE
	EndGlobalSection
EndGlobal
